{
  "name": "supabase",
  "lockfileVersion": 3,
  "requires": true,
  "packages": {
    "": {
      "dependencies": {
        "class-transformer": "^0.5.1",
        "class-validator": "^0.14.2",
        "json2typescript": "^1.6.1",
        "reflect-metadata": "^0.2.2"
      },
      "devDependencies": {
        "@deno/types": "^0.0.1"
      }
    },
    "node_modules/@deno/types": {
      "version": "0.0.1",
      "resolved": "https://registry.npmjs.org/@deno/types/-/types-0.0.1.tgz",
      "integrity": "sha512-KTB6Blr05Iw7k7aMzPWlJX0kv08xXZ5Mu7fxSp0M1HnaOHDRnFC956I4PxYdOtN27+b2723Id2G2oofxLvA35A==",
      "dev": true,
      "license": "MIT"
    },
    "node_modules/@types/validator": {
      "version": "13.15.3",
      "resolved": "https://registry.npmjs.org/@types/validator/-/validator-13.15.3.tgz",
      "integrity": "sha512-7bcUmDyS6PN3EuD9SlGGOxM77F8WLVsrwkxyWxKnxzmXoequ6c7741QBrANq6htVRGOITJ7z72mTP6Z4XyuG+Q==",
      "license": "MIT"
    },
    "node_modules/class-transformer": {
      "version": "0.5.1",
      "resolved": "https://registry.npmjs.org/class-transformer/-/class-transformer-0.5.1.tgz",
      "integrity": "sha512-SQa1Ws6hUbfC98vKGxZH3KFY0Y1lm5Zm0SY8XX9zbK7FJCyVEac3ATW0RIpwzW+oOfmHE5PMPufDG9hCfoEOMw==",
      "license": "MIT"
    },
    "node_modules/class-validator": {
      "version": "0.14.2",
      "resolved": "https://registry.npmjs.org/class-validator/-/class-validator-0.14.2.tgz",
      "integrity": "sha512-3kMVRF2io8N8pY1IFIXlho9r8IPUUIfHe2hYVtiebvAzU2XeQFXTv+XI4WX+TnXmtwXMDcjngcpkiPM0O9PvLw==",
      "license": "MIT",
      "dependencies": {
        "@types/validator": "^13.11.8",
        "libphonenumber-js": "^1.11.1",
        "validator": "^13.9.0"
      }
    },
    "node_modules/json2typescript": {
      "version": "1.6.1",
      "resolved": "https://registry.npmjs.org/json2typescript/-/json2typescript-1.6.1.tgz",
      "integrity": "sha512-2zSZMfOF/3ygGuzv5d/BBdxKOjNJKPolce/07HuX/xGHjBEi53ux36IuBr7ZM8kLACcD97XmH23snugJDrMOZA==",
      "license": "MIT"
    },
    "node_modules/libphonenumber-js": {
      "version": "1.12.23",
      "resolved": "https://registry.npmjs.org/libphonenumber-js/-/libphonenumber-js-1.12.23.tgz",
      "integrity": "sha512-RN3q3gImZ91BvRDYjWp7ICz3gRn81mW5L4SW+2afzNCC0I/nkXstBgZThQGTE3S/9q5J90FH4dP+TXx8NhdZKg==",
      "license": "MIT"
    },
    "node_modules/reflect-metadata": {
      "version": "0.2.2",
      "resolved": "https://registry.npmjs.org/reflect-metadata/-/reflect-metadata-0.2.2.tgz",
      "integrity": "sha512-urBwgfrvVP/eAyXx4hluJivBKzuEbSQs9rKWCrCkbSxNv8mxPcUZKeuoF3Uy4mJl3Lwprp6yy5/39VWigZ4K6Q==",
      "license": "Apache-2.0"
    },
    "node_modules/validator": {
      "version": "13.15.15",
      "resolved": "https://registry.npmjs.org/validator/-/validator-13.15.15.tgz",
      "integrity": "sha512-BgWVbCI72aIQy937xbawcs+hrVaN/CZ2UwutgaJ36hGqRrLNM+f5LUT/YPRbo8IV/ASeFzXszezV+y2+rq3l8A==",
      "license": "MIT",
      "engines": {
        "node": ">= 0.10"
      }
    }
  }
}
